
Microsoft Visual Studio Solution File, Format Version 12.00
# Visual Studio Version 17
VisualStudioVersion = 17.8.34525.116
MinimumVisualStudioVersion = 10.0.40219.1
Project("{9A19103F-16F7-4668-BE54-9A1E7A4F7556}") = "Soilution.DataService.Web", "src\Soilution.DataService.Web\Soilution.DataService.Web.csproj", "{0BAF0896-28C7-4047-97CE-D869FBBE6FA1}"
EndProject
Project("{2150E333-8FDC-42A3-9474-1A3956D46DE8}") = "Domain", "Domain", "{EB4D921B-FB5B-44F7-9B8D-C786ACE9EF0D}"
EndProject
Project("{2150E333-8FDC-42A3-9474-1A3956D46DE8}") = "UI", "UI", "{CBD44D8B-407A-4A81-8AE8-1B2A156ED460}"
EndProject
Project("{2150E333-8FDC-42A3-9474-1A3956D46DE8}") = "Application", "Application", "{96FD2E37-BB0E-43C5-BC5D-9966C9CDA882}"
EndProject
Project("{9A19103F-16F7-4668-BE54-9A1E7A4F7556}") = "Soilution.DataService.DataRepository", "src\Domain\Soilution.DataService.DataRepository\Soilution.DataService.DataRepository.csproj", "{7C689488-9F84-423B-A74A-C51ED7203CE7}"
EndProject
Project("{9A19103F-16F7-4668-BE54-9A1E7A4F7556}") = "Soilution.DataService.SqlRepository", "src\Application\Soilution.DataService.SqlRepository\Soilution.DataService.SqlRepository.csproj", "{14A08058-183C-4B12-94DA-D28DDCE988EB}"
EndProject
Project("{9A19103F-16F7-4668-BE54-9A1E7A4F7556}") = "Soilution.DataService.MockedData", "src\Application\Soilution.DataService.MockedData\Soilution.DataService.MockedData.csproj", "{8029CE7A-2C39-4947-97C0-300A6061E145}"
EndProject
Project("{2150E333-8FDC-42A3-9474-1A3956D46DE8}") = "Tests", "Tests", "{4AC52D32-EC9B-44F4-9CB5-38F75B3EC18F}"
EndProject
Project("{9A19103F-16F7-4668-BE54-9A1E7A4F7556}") = "Soilution.DataService.UnitTests.DataManagement", "src\Tests\Solution.DataService.UnitTests.DataManagement\Soilution.DataService.UnitTests.DataManagement.csproj", "{5BD5044D-2A0A-46DA-A82C-413E636B4098}"
EndProject
Project("{9A19103F-16F7-4668-BE54-9A1E7A4F7556}") = "Soilution.DataService.DataManagementApi", "src\UI\Soilution.DataService.DataManagement\Soilution.DataService.DataManagementApi.csproj", "{D87B1324-939E-4874-964D-EA7DA6F2BB54}"
EndProject
Project("{9A19103F-16F7-4668-BE54-9A1E7A4F7556}") = "Soilution.DataService.AnalyticsApi", "src\UI\Soilution.DataService.AnalyticsApi\Soilution.DataService.AnalyticsApi.csproj", "{97B8E5FC-9A7E-4A74-94E7-9057088E81F8}"
EndProject
Project("{9A19103F-16F7-4668-BE54-9A1E7A4F7556}") = "Soilution.DataService.HubManagementApi", "src\UI\Soilution.DataService.DeviceManagement\Soilution.DataService.HubManagementApi.csproj", "{8423775E-E6EE-466E-AD6B-A07E2DBE680F}"
EndProject
Project("{9A19103F-16F7-4668-BE54-9A1E7A4F7556}") = "Soilution.DataService.UnitTests.DeviceManagement", "src\Tests\Soilution.DataService.UnitTests.DeviceManagement\Soilution.DataService.UnitTests.DeviceManagement.csproj", "{EC99989D-FA35-45A6-A861-16CB00C799C6}"
EndProject
Project("{2150E333-8FDC-42A3-9474-1A3956D46DE8}") = "Database", "Database", "{4A2ED177-3557-4647-9B84-47944392416B}"
EndProject
Project("{9A19103F-16F7-4668-BE54-9A1E7A4F7556}") = "Soilution.DataService.SqlDatabase", "src\Database\Soilution.DataService.SqlDatabase\Soilution.DataService.SqlDatabase.csproj", "{665F395F-EEF1-4ABD-B113-1248C32A7A31}"
EndProject
Project("{FAE04EC0-301F-11D3-BF4B-00C04F79EFBC}") = "Soilution.DataService.StatisticsData", "src\Domain\Soilution.DataService.AnalyticsData\Soilution.DataService.AnalyticsData\Soilution.DataService.StatisticsData.csproj", "{15CA3E8E-300C-4659-862B-315D8516DDDF}"
EndProject
Project("{FAE04EC0-301F-11D3-BF4B-00C04F79EFBC}") = "Soilution.DataService.AirQualityProcessing", "src\Application\Soilution.DataService.AirQualityDataProcessing\Soilution.DataService.AirQualityDataProcessing\Soilution.DataService.AirQualityProcessing.csproj", "{70FF1B10-0D18-44CF-9745-4DB9FF92E7DB}"
EndProject
Project("{FAE04EC0-301F-11D3-BF4B-00C04F79EFBC}") = "Soilution.DataService.SoilQualityProcessing", "src\Application\Soilution.DataService.SoilQualityProcessing\Soilution.DataService.SoilQualityProcessing\Soilution.DataService.SoilQualityProcessing.csproj", "{C7332BF2-4B4A-4A39-86F6-F2161D73919B}"
EndProject
Project("{FAE04EC0-301F-11D3-BF4B-00C04F79EFBC}") = "Soilution.DataService.HubManagement", "src\Application\Soilution.DataService.HubManagement\Soilution.DataService.HubManagement\Soilution.DataService.HubManagement.csproj", "{B6565427-21CA-4BDF-9247-9CCF3347949D}"
EndProject
Global
	GlobalSection(SolutionConfigurationPlatforms) = preSolution
		Debug|Any CPU = Debug|Any CPU
		Release|Any CPU = Release|Any CPU
	EndGlobalSection
	GlobalSection(ProjectConfigurationPlatforms) = postSolution
		{0BAF0896-28C7-4047-97CE-D869FBBE6FA1}.Debug|Any CPU.ActiveCfg = Debug|Any CPU
		{0BAF0896-28C7-4047-97CE-D869FBBE6FA1}.Debug|Any CPU.Build.0 = Debug|Any CPU
		{0BAF0896-28C7-4047-97CE-D869FBBE6FA1}.Release|Any CPU.ActiveCfg = Release|Any CPU
		{0BAF0896-28C7-4047-97CE-D869FBBE6FA1}.Release|Any CPU.Build.0 = Release|Any CPU
		{7C689488-9F84-423B-A74A-C51ED7203CE7}.Debug|Any CPU.ActiveCfg = Debug|Any CPU
		{7C689488-9F84-423B-A74A-C51ED7203CE7}.Debug|Any CPU.Build.0 = Debug|Any CPU
		{7C689488-9F84-423B-A74A-C51ED7203CE7}.Release|Any CPU.ActiveCfg = Release|Any CPU
		{7C689488-9F84-423B-A74A-C51ED7203CE7}.Release|Any CPU.Build.0 = Release|Any CPU
		{14A08058-183C-4B12-94DA-D28DDCE988EB}.Debug|Any CPU.ActiveCfg = Debug|Any CPU
		{14A08058-183C-4B12-94DA-D28DDCE988EB}.Debug|Any CPU.Build.0 = Debug|Any CPU
		{14A08058-183C-4B12-94DA-D28DDCE988EB}.Release|Any CPU.ActiveCfg = Release|Any CPU
		{14A08058-183C-4B12-94DA-D28DDCE988EB}.Release|Any CPU.Build.0 = Release|Any CPU
		{8029CE7A-2C39-4947-97C0-300A6061E145}.Debug|Any CPU.ActiveCfg = Debug|Any CPU
		{8029CE7A-2C39-4947-97C0-300A6061E145}.Debug|Any CPU.Build.0 = Debug|Any CPU
		{8029CE7A-2C39-4947-97C0-300A6061E145}.Release|Any CPU.ActiveCfg = Release|Any CPU
		{8029CE7A-2C39-4947-97C0-300A6061E145}.Release|Any CPU.Build.0 = Release|Any CPU
		{5BD5044D-2A0A-46DA-A82C-413E636B4098}.Debug|Any CPU.ActiveCfg = Debug|Any CPU
		{5BD5044D-2A0A-46DA-A82C-413E636B4098}.Debug|Any CPU.Build.0 = Debug|Any CPU
		{5BD5044D-2A0A-46DA-A82C-413E636B4098}.Release|Any CPU.ActiveCfg = Release|Any CPU
		{5BD5044D-2A0A-46DA-A82C-413E636B4098}.Release|Any CPU.Build.0 = Release|Any CPU
		{D87B1324-939E-4874-964D-EA7DA6F2BB54}.Debug|Any CPU.ActiveCfg = Debug|Any CPU
		{D87B1324-939E-4874-964D-EA7DA6F2BB54}.Debug|Any CPU.Build.0 = Debug|Any CPU
		{D87B1324-939E-4874-964D-EA7DA6F2BB54}.Release|Any CPU.ActiveCfg = Release|Any CPU
		{D87B1324-939E-4874-964D-EA7DA6F2BB54}.Release|Any CPU.Build.0 = Release|Any CPU
		{97B8E5FC-9A7E-4A74-94E7-9057088E81F8}.Debug|Any CPU.ActiveCfg = Debug|Any CPU
		{97B8E5FC-9A7E-4A74-94E7-9057088E81F8}.Debug|Any CPU.Build.0 = Debug|Any CPU
		{97B8E5FC-9A7E-4A74-94E7-9057088E81F8}.Release|Any CPU.ActiveCfg = Release|Any CPU
		{97B8E5FC-9A7E-4A74-94E7-9057088E81F8}.Release|Any CPU.Build.0 = Release|Any CPU
		{8423775E-E6EE-466E-AD6B-A07E2DBE680F}.Debug|Any CPU.ActiveCfg = Debug|Any CPU
		{8423775E-E6EE-466E-AD6B-A07E2DBE680F}.Debug|Any CPU.Build.0 = Debug|Any CPU
		{8423775E-E6EE-466E-AD6B-A07E2DBE680F}.Release|Any CPU.ActiveCfg = Release|Any CPU
		{8423775E-E6EE-466E-AD6B-A07E2DBE680F}.Release|Any CPU.Build.0 = Release|Any CPU
		{EC99989D-FA35-45A6-A861-16CB00C799C6}.Debug|Any CPU.ActiveCfg = Debug|Any CPU
		{EC99989D-FA35-45A6-A861-16CB00C799C6}.Debug|Any CPU.Build.0 = Debug|Any CPU
		{EC99989D-FA35-45A6-A861-16CB00C799C6}.Release|Any CPU.ActiveCfg = Release|Any CPU
		{EC99989D-FA35-45A6-A861-16CB00C799C6}.Release|Any CPU.Build.0 = Release|Any CPU
		{665F395F-EEF1-4ABD-B113-1248C32A7A31}.Debug|Any CPU.ActiveCfg = Debug|Any CPU
		{665F395F-EEF1-4ABD-B113-1248C32A7A31}.Debug|Any CPU.Build.0 = Debug|Any CPU
		{665F395F-EEF1-4ABD-B113-1248C32A7A31}.Release|Any CPU.ActiveCfg = Release|Any CPU
		{665F395F-EEF1-4ABD-B113-1248C32A7A31}.Release|Any CPU.Build.0 = Release|Any CPU
		{15CA3E8E-300C-4659-862B-315D8516DDDF}.Debug|Any CPU.ActiveCfg = Debug|Any CPU
		{15CA3E8E-300C-4659-862B-315D8516DDDF}.Debug|Any CPU.Build.0 = Debug|Any CPU
		{15CA3E8E-300C-4659-862B-315D8516DDDF}.Release|Any CPU.ActiveCfg = Release|Any CPU
		{15CA3E8E-300C-4659-862B-315D8516DDDF}.Release|Any CPU.Build.0 = Release|Any CPU
		{70FF1B10-0D18-44CF-9745-4DB9FF92E7DB}.Debug|Any CPU.ActiveCfg = Debug|Any CPU
		{70FF1B10-0D18-44CF-9745-4DB9FF92E7DB}.Debug|Any CPU.Build.0 = Debug|Any CPU
		{70FF1B10-0D18-44CF-9745-4DB9FF92E7DB}.Release|Any CPU.ActiveCfg = Release|Any CPU
		{70FF1B10-0D18-44CF-9745-4DB9FF92E7DB}.Release|Any CPU.Build.0 = Release|Any CPU
		{C7332BF2-4B4A-4A39-86F6-F2161D73919B}.Debug|Any CPU.ActiveCfg = Debug|Any CPU
		{C7332BF2-4B4A-4A39-86F6-F2161D73919B}.Debug|Any CPU.Build.0 = Debug|Any CPU
		{C7332BF2-4B4A-4A39-86F6-F2161D73919B}.Release|Any CPU.ActiveCfg = Release|Any CPU
		{C7332BF2-4B4A-4A39-86F6-F2161D73919B}.Release|Any CPU.Build.0 = Release|Any CPU
		{B6565427-21CA-4BDF-9247-9CCF3347949D}.Debug|Any CPU.ActiveCfg = Debug|Any CPU
		{B6565427-21CA-4BDF-9247-9CCF3347949D}.Debug|Any CPU.Build.0 = Debug|Any CPU
		{B6565427-21CA-4BDF-9247-9CCF3347949D}.Release|Any CPU.ActiveCfg = Release|Any CPU
		{B6565427-21CA-4BDF-9247-9CCF3347949D}.Release|Any CPU.Build.0 = Release|Any CPU
	EndGlobalSection
	GlobalSection(SolutionProperties) = preSolution
		HideSolutionNode = FALSE
	EndGlobalSection
	GlobalSection(NestedProjects) = preSolution
		{7C689488-9F84-423B-A74A-C51ED7203CE7} = {EB4D921B-FB5B-44F7-9B8D-C786ACE9EF0D}
		{14A08058-183C-4B12-94DA-D28DDCE988EB} = {96FD2E37-BB0E-43C5-BC5D-9966C9CDA882}
		{8029CE7A-2C39-4947-97C0-300A6061E145} = {96FD2E37-BB0E-43C5-BC5D-9966C9CDA882}
		{5BD5044D-2A0A-46DA-A82C-413E636B4098} = {4AC52D32-EC9B-44F4-9CB5-38F75B3EC18F}
		{D87B1324-939E-4874-964D-EA7DA6F2BB54} = {CBD44D8B-407A-4A81-8AE8-1B2A156ED460}
		{97B8E5FC-9A7E-4A74-94E7-9057088E81F8} = {CBD44D8B-407A-4A81-8AE8-1B2A156ED460}
		{8423775E-E6EE-466E-AD6B-A07E2DBE680F} = {CBD44D8B-407A-4A81-8AE8-1B2A156ED460}
		{EC99989D-FA35-45A6-A861-16CB00C799C6} = {4AC52D32-EC9B-44F4-9CB5-38F75B3EC18F}
		{665F395F-EEF1-4ABD-B113-1248C32A7A31} = {4A2ED177-3557-4647-9B84-47944392416B}
		{15CA3E8E-300C-4659-862B-315D8516DDDF} = {EB4D921B-FB5B-44F7-9B8D-C786ACE9EF0D}
		{70FF1B10-0D18-44CF-9745-4DB9FF92E7DB} = {96FD2E37-BB0E-43C5-BC5D-9966C9CDA882}
		{C7332BF2-4B4A-4A39-86F6-F2161D73919B} = {96FD2E37-BB0E-43C5-BC5D-9966C9CDA882}
		{B6565427-21CA-4BDF-9247-9CCF3347949D} = {96FD2E37-BB0E-43C5-BC5D-9966C9CDA882}
	EndGlobalSection
	GlobalSection(ExtensibilityGlobals) = postSolution
		SolutionGuid = {378D4E4B-7DA2-4A9B-A80C-697BE92BB4F4}
	EndGlobalSection
EndGlobal
