
Microsoft Visual Studio Solution File, Format Version 12.00
# Visual Studio Version 17
VisualStudioVersion = 17.8.34525.116
MinimumVisualStudioVersion = 10.0.40219.1
Project("{9A19103F-16F7-4668-BE54-9A1E7A4F7556}") = "Soilution.DataService.Web", "src\Soilution.DataService.Web\Soilution.DataService.Web.csproj", "{0BAF0896-28C7-4047-97CE-D869FBBE6FA1}"
EndProject
Project("{2150E333-8FDC-42A3-9474-1A3956D46DE8}") = "Domain", "Domain", "{EB4D921B-FB5B-44F7-9B8D-C786ACE9EF0D}"
EndProject
Project("{2150E333-8FDC-42A3-9474-1A3956D46DE8}") = "UI", "UI", "{CBD44D8B-407A-4A81-8AE8-1B2A156ED460}"
EndProject
Project("{2150E333-8FDC-42A3-9474-1A3956D46DE8}") = "Application", "Application", "{96FD2E37-BB0E-43C5-BC5D-9966C9CDA882}"
EndProject
Project("{9A19103F-16F7-4668-BE54-9A1E7A4F7556}") = "Soilution.DataService.DataRepository", "src\Domain\Soilution.DataService.DataRepository\Soilution.DataService.DataRepository.csproj", "{7C689488-9F84-423B-A74A-C51ED7203CE7}"
EndProject
Project("{2150E333-8FDC-42A3-9474-1A3956D46DE8}") = "Tests", "Tests", "{4AC52D32-EC9B-44F4-9CB5-38F75B3EC18F}"
EndProject
Project("{9A19103F-16F7-4668-BE54-9A1E7A4F7556}") = "Soilution.DataService.UnitTests.DeviceManagement", "src\Tests\Soilution.DataService.UnitTests.DeviceManagement\Soilution.DataService.UnitTests.DeviceManagement.csproj", "{EC99989D-FA35-45A6-A861-16CB00C799C6}"
EndProject
Project("{2150E333-8FDC-42A3-9474-1A3956D46DE8}") = "Database", "Database", "{4A2ED177-3557-4647-9B84-47944392416B}"
EndProject
Project("{9A19103F-16F7-4668-BE54-9A1E7A4F7556}") = "Soilution.DataService.SqlDatabase", "src\Database\Soilution.DataService.SqlDatabase\Soilution.DataService.SqlDatabase.csproj", "{665F395F-EEF1-4ABD-B113-1248C32A7A31}"
EndProject
Project("{9A19103F-16F7-4668-BE54-9A1E7A4F7556}") = "Solution.DataService.UnitTests.AirQualityProcessing", "src\Tests\Solution.DataService.UnitTests.AirQualityProcessing\Solution.DataService.UnitTests.AirQualityProcessing.csproj", "{E3D73970-D971-44C7-B559-0C08C532F443}"
EndProject
Project("{9A19103F-16F7-4668-BE54-9A1E7A4F7556}") = "Soilution.DataService.AirQualityProcessing", "src\Application\Soilution.DataService.AirQualityProcessing\Soilution.DataService.AirQualityProcessing.csproj", "{DA0ADC33-0C69-463A-8C0B-B27822E0B491}"
EndProject
Project("{9A19103F-16F7-4668-BE54-9A1E7A4F7556}") = "Soilution.DataService.SoilQualityProcessing", "src\Application\Soilution.DataService.SoilQualityProcessing\Soilution.DataService.SoilQualityProcessing.csproj", "{A4A3CB14-AE99-44F5-812C-34AE738C53CA}"
EndProject
Project("{9A19103F-16F7-4668-BE54-9A1E7A4F7556}") = "Soilution.DataService.HubManagement", "src\Application\Soilution.DataService.HubManagement\Soilution.DataService.HubManagement.csproj", "{137857DE-D033-4AD7-83E1-3C2333F7DE39}"
EndProject
Project("{9A19103F-16F7-4668-BE54-9A1E7A4F7556}") = "Soilution.DataService.MockedData", "src\Database\Soilution.DataService.MockedData\Soilution.DataService.MockedData.csproj", "{65909764-35AA-42FA-B879-3A59C53E34DB}"
EndProject
Project("{FAE04EC0-301F-11D3-BF4B-00C04F79EFBC}") = "Solution.DataService.UnitTests.SoilQualityProcessing", "src\Tests\Solution.DataService.UnitTests.SoilQualityProcessing\Solution.DataService.UnitTests.SoilQualityProcessing.csproj", "{63689C62-A473-4A9A-B304-49277B77B2A4}"
EndProject
Project("{9A19103F-16F7-4668-BE54-9A1E7A4F7556}") = "Soilution.DataService.DataManagementApi", "src\UI\Soilution.DataService.DataManagementApi\Soilution.DataService.DataManagementApi.csproj", "{14594849-A424-400E-B0ED-7AC70268A847}"
EndProject
Project("{9A19103F-16F7-4668-BE54-9A1E7A4F7556}") = "Soilution.DataService.HubManagementApi", "src\UI\Soilution.DataService.HubManagementApi\Soilution.DataService.HubManagementApi.csproj", "{B909E5F6-2817-4960-85C4-293811A906F4}"
EndProject
Project("{9A19103F-16F7-4668-BE54-9A1E7A4F7556}") = "Soilution.DataService.DataAnalyticsApi", "src\UI\Soilution.DataService.DataAnalyticsApi\Soilution.DataService.DataAnalyticsApi.csproj", "{DE37FE13-9DAE-48FF-B6D2-22DEC7E28019}"
EndProject
Global
	GlobalSection(SolutionConfigurationPlatforms) = preSolution
		Debug|Any CPU = Debug|Any CPU
		Release|Any CPU = Release|Any CPU
	EndGlobalSection
	GlobalSection(ProjectConfigurationPlatforms) = postSolution
		{0BAF0896-28C7-4047-97CE-D869FBBE6FA1}.Debug|Any CPU.ActiveCfg = Debug|Any CPU
		{0BAF0896-28C7-4047-97CE-D869FBBE6FA1}.Debug|Any CPU.Build.0 = Debug|Any CPU
		{0BAF0896-28C7-4047-97CE-D869FBBE6FA1}.Release|Any CPU.ActiveCfg = Release|Any CPU
		{0BAF0896-28C7-4047-97CE-D869FBBE6FA1}.Release|Any CPU.Build.0 = Release|Any CPU
		{7C689488-9F84-423B-A74A-C51ED7203CE7}.Debug|Any CPU.ActiveCfg = Debug|Any CPU
		{7C689488-9F84-423B-A74A-C51ED7203CE7}.Debug|Any CPU.Build.0 = Debug|Any CPU
		{7C689488-9F84-423B-A74A-C51ED7203CE7}.Release|Any CPU.ActiveCfg = Release|Any CPU
		{7C689488-9F84-423B-A74A-C51ED7203CE7}.Release|Any CPU.Build.0 = Release|Any CPU
		{EC99989D-FA35-45A6-A861-16CB00C799C6}.Debug|Any CPU.ActiveCfg = Debug|Any CPU
		{EC99989D-FA35-45A6-A861-16CB00C799C6}.Debug|Any CPU.Build.0 = Debug|Any CPU
		{EC99989D-FA35-45A6-A861-16CB00C799C6}.Release|Any CPU.ActiveCfg = Release|Any CPU
		{EC99989D-FA35-45A6-A861-16CB00C799C6}.Release|Any CPU.Build.0 = Release|Any CPU
		{665F395F-EEF1-4ABD-B113-1248C32A7A31}.Debug|Any CPU.ActiveCfg = Debug|Any CPU
		{665F395F-EEF1-4ABD-B113-1248C32A7A31}.Debug|Any CPU.Build.0 = Debug|Any CPU
		{665F395F-EEF1-4ABD-B113-1248C32A7A31}.Release|Any CPU.ActiveCfg = Release|Any CPU
		{665F395F-EEF1-4ABD-B113-1248C32A7A31}.Release|Any CPU.Build.0 = Release|Any CPU
		{E3D73970-D971-44C7-B559-0C08C532F443}.Debug|Any CPU.ActiveCfg = Debug|Any CPU
		{E3D73970-D971-44C7-B559-0C08C532F443}.Debug|Any CPU.Build.0 = Debug|Any CPU
		{E3D73970-D971-44C7-B559-0C08C532F443}.Release|Any CPU.ActiveCfg = Release|Any CPU
		{E3D73970-D971-44C7-B559-0C08C532F443}.Release|Any CPU.Build.0 = Release|Any CPU
		{DA0ADC33-0C69-463A-8C0B-B27822E0B491}.Debug|Any CPU.ActiveCfg = Debug|Any CPU
		{DA0ADC33-0C69-463A-8C0B-B27822E0B491}.Debug|Any CPU.Build.0 = Debug|Any CPU
		{DA0ADC33-0C69-463A-8C0B-B27822E0B491}.Release|Any CPU.ActiveCfg = Release|Any CPU
		{DA0ADC33-0C69-463A-8C0B-B27822E0B491}.Release|Any CPU.Build.0 = Release|Any CPU
		{A4A3CB14-AE99-44F5-812C-34AE738C53CA}.Debug|Any CPU.ActiveCfg = Debug|Any CPU
		{A4A3CB14-AE99-44F5-812C-34AE738C53CA}.Debug|Any CPU.Build.0 = Debug|Any CPU
		{A4A3CB14-AE99-44F5-812C-34AE738C53CA}.Release|Any CPU.ActiveCfg = Release|Any CPU
		{A4A3CB14-AE99-44F5-812C-34AE738C53CA}.Release|Any CPU.Build.0 = Release|Any CPU
		{137857DE-D033-4AD7-83E1-3C2333F7DE39}.Debug|Any CPU.ActiveCfg = Debug|Any CPU
		{137857DE-D033-4AD7-83E1-3C2333F7DE39}.Debug|Any CPU.Build.0 = Debug|Any CPU
		{137857DE-D033-4AD7-83E1-3C2333F7DE39}.Release|Any CPU.ActiveCfg = Release|Any CPU
		{137857DE-D033-4AD7-83E1-3C2333F7DE39}.Release|Any CPU.Build.0 = Release|Any CPU
		{65909764-35AA-42FA-B879-3A59C53E34DB}.Debug|Any CPU.ActiveCfg = Debug|Any CPU
		{65909764-35AA-42FA-B879-3A59C53E34DB}.Debug|Any CPU.Build.0 = Debug|Any CPU
		{65909764-35AA-42FA-B879-3A59C53E34DB}.Release|Any CPU.ActiveCfg = Release|Any CPU
		{65909764-35AA-42FA-B879-3A59C53E34DB}.Release|Any CPU.Build.0 = Release|Any CPU
		{63689C62-A473-4A9A-B304-49277B77B2A4}.Debug|Any CPU.ActiveCfg = Debug|Any CPU
		{63689C62-A473-4A9A-B304-49277B77B2A4}.Debug|Any CPU.Build.0 = Debug|Any CPU
		{63689C62-A473-4A9A-B304-49277B77B2A4}.Release|Any CPU.ActiveCfg = Release|Any CPU
		{63689C62-A473-4A9A-B304-49277B77B2A4}.Release|Any CPU.Build.0 = Release|Any CPU
		{14594849-A424-400E-B0ED-7AC70268A847}.Debug|Any CPU.ActiveCfg = Debug|Any CPU
		{14594849-A424-400E-B0ED-7AC70268A847}.Debug|Any CPU.Build.0 = Debug|Any CPU
		{14594849-A424-400E-B0ED-7AC70268A847}.Release|Any CPU.ActiveCfg = Release|Any CPU
		{14594849-A424-400E-B0ED-7AC70268A847}.Release|Any CPU.Build.0 = Release|Any CPU
		{B909E5F6-2817-4960-85C4-293811A906F4}.Debug|Any CPU.ActiveCfg = Debug|Any CPU
		{B909E5F6-2817-4960-85C4-293811A906F4}.Debug|Any CPU.Build.0 = Debug|Any CPU
		{B909E5F6-2817-4960-85C4-293811A906F4}.Release|Any CPU.ActiveCfg = Release|Any CPU
		{B909E5F6-2817-4960-85C4-293811A906F4}.Release|Any CPU.Build.0 = Release|Any CPU
		{DE37FE13-9DAE-48FF-B6D2-22DEC7E28019}.Debug|Any CPU.ActiveCfg = Debug|Any CPU
		{DE37FE13-9DAE-48FF-B6D2-22DEC7E28019}.Debug|Any CPU.Build.0 = Debug|Any CPU
		{DE37FE13-9DAE-48FF-B6D2-22DEC7E28019}.Release|Any CPU.ActiveCfg = Release|Any CPU
		{DE37FE13-9DAE-48FF-B6D2-22DEC7E28019}.Release|Any CPU.Build.0 = Release|Any CPU
	EndGlobalSection
	GlobalSection(SolutionProperties) = preSolution
		HideSolutionNode = FALSE
	EndGlobalSection
	GlobalSection(NestedProjects) = preSolution
		{7C689488-9F84-423B-A74A-C51ED7203CE7} = {EB4D921B-FB5B-44F7-9B8D-C786ACE9EF0D}
		{EC99989D-FA35-45A6-A861-16CB00C799C6} = {4AC52D32-EC9B-44F4-9CB5-38F75B3EC18F}
		{665F395F-EEF1-4ABD-B113-1248C32A7A31} = {4A2ED177-3557-4647-9B84-47944392416B}
		{E3D73970-D971-44C7-B559-0C08C532F443} = {4AC52D32-EC9B-44F4-9CB5-38F75B3EC18F}
		{DA0ADC33-0C69-463A-8C0B-B27822E0B491} = {96FD2E37-BB0E-43C5-BC5D-9966C9CDA882}
		{A4A3CB14-AE99-44F5-812C-34AE738C53CA} = {96FD2E37-BB0E-43C5-BC5D-9966C9CDA882}
		{137857DE-D033-4AD7-83E1-3C2333F7DE39} = {96FD2E37-BB0E-43C5-BC5D-9966C9CDA882}
		{65909764-35AA-42FA-B879-3A59C53E34DB} = {4A2ED177-3557-4647-9B84-47944392416B}
		{63689C62-A473-4A9A-B304-49277B77B2A4} = {4AC52D32-EC9B-44F4-9CB5-38F75B3EC18F}
		{14594849-A424-400E-B0ED-7AC70268A847} = {CBD44D8B-407A-4A81-8AE8-1B2A156ED460}
		{B909E5F6-2817-4960-85C4-293811A906F4} = {CBD44D8B-407A-4A81-8AE8-1B2A156ED460}
		{DE37FE13-9DAE-48FF-B6D2-22DEC7E28019} = {CBD44D8B-407A-4A81-8AE8-1B2A156ED460}
	EndGlobalSection
	GlobalSection(ExtensibilityGlobals) = postSolution
		SolutionGuid = {378D4E4B-7DA2-4A9B-A80C-697BE92BB4F4}
	EndGlobalSection
EndGlobal
